
Microsoft Visual Studio Solution File, Format Version 12.00
# Visual Studio Version 17
VisualStudioVersion = 17.7.34031.279
MinimumVisualStudioVersion = 10.0.40219.1
Project("{FAE04EC0-301F-11D3-BF4B-00C04F79EFBC}") = "OverLoading", "OverLoading\OverLoading.csproj", "{8B290CFB-E753-450A-A5FD-8E94C3BA7E29}"
EndProject
Global
	GlobalSection(SolutionConfigurationPlatforms) = preSolution
		Debug|Any CPU = Debug|Any CPU
		Release|Any CPU = Release|Any CPU
	EndGlobalSection
	GlobalSection(ProjectConfigurationPlatforms) = postSolution
		{8B290CFB-E753-450A-A5FD-8E94C3BA7E29}.Debug|Any CPU.ActiveCfg = Debug|Any CPU
		{8B290CFB-E753-450A-A5FD-8E94C3BA7E29}.Debug|Any CPU.Build.0 = Debug|Any CPU
		{8B290CFB-E753-450A-A5FD-8E94C3BA7E29}.Release|Any CPU.ActiveCfg = Release|Any CPU
		{8B290CFB-E753-450A-A5FD-8E94C3BA7E29}.Release|Any CPU.Build.0 = Release|Any CPU
	EndGlobalSection
	GlobalSection(SolutionProperties) = preSolution
		HideSolutionNode = FALSE
	EndGlobalSection
	GlobalSection(ExtensibilityGlobals) = postSolution
		SolutionGuid = {7612572D-2799-4EAD-9218-5F5C1533AF79}
	EndGlobalSection
EndGlobal
