
Microsoft Visual Studio Solution File, Format Version 12.00
# Visual Studio Version 17
VisualStudioVersion = 17.7.34031.279
MinimumVisualStudioVersion = 10.0.40219.1
Project("{FAE04EC0-301F-11D3-BF4B-00C04F79EFBC}") = "Yapıcı metot ve kalıtım", "Yapıcı metot ve kalıtım\Yapıcı metot ve kalıtım.csproj", "{B2229111-4937-40F6-9669-21C186E233A1}"
EndProject
Global
	GlobalSection(SolutionConfigurationPlatforms) = preSolution
		Debug|Any CPU = Debug|Any CPU
		Release|Any CPU = Release|Any CPU
	EndGlobalSection
	GlobalSection(ProjectConfigurationPlatforms) = postSolution
		{B2229111-4937-40F6-9669-21C186E233A1}.Debug|Any CPU.ActiveCfg = Debug|Any CPU
		{B2229111-4937-40F6-9669-21C186E233A1}.Debug|Any CPU.Build.0 = Debug|Any CPU
		{B2229111-4937-40F6-9669-21C186E233A1}.Release|Any CPU.ActiveCfg = Release|Any CPU
		{B2229111-4937-40F6-9669-21C186E233A1}.Release|Any CPU.Build.0 = Release|Any CPU
	EndGlobalSection
	GlobalSection(SolutionProperties) = preSolution
		HideSolutionNode = FALSE
	EndGlobalSection
	GlobalSection(ExtensibilityGlobals) = postSolution
		SolutionGuid = {B12070C7-4C46-439F-B538-79050B07DD72}
	EndGlobalSection
EndGlobal
