
Microsoft Visual Studio Solution File, Format Version 12.00
# Visual Studio Version 17
VisualStudioVersion = 17.7.34031.279
MinimumVisualStudioVersion = 10.0.40219.1
Project("{FAE04EC0-301F-11D3-BF4B-00C04F79EFBC}") = "Name Hiding", "Name Hiding\Name Hiding.csproj", "{3918D414-0973-4E55-8129-5A7014A4C5D8}"
EndProject
Global
	GlobalSection(SolutionConfigurationPlatforms) = preSolution
		Debug|Any CPU = Debug|Any CPU
		Release|Any CPU = Release|Any CPU
	EndGlobalSection
	GlobalSection(ProjectConfigurationPlatforms) = postSolution
		{3918D414-0973-4E55-8129-5A7014A4C5D8}.Debug|Any CPU.ActiveCfg = Debug|Any CPU
		{3918D414-0973-4E55-8129-5A7014A4C5D8}.Debug|Any CPU.Build.0 = Debug|Any CPU
		{3918D414-0973-4E55-8129-5A7014A4C5D8}.Release|Any CPU.ActiveCfg = Release|Any CPU
		{3918D414-0973-4E55-8129-5A7014A4C5D8}.Release|Any CPU.Build.0 = Release|Any CPU
	EndGlobalSection
	GlobalSection(SolutionProperties) = preSolution
		HideSolutionNode = FALSE
	EndGlobalSection
	GlobalSection(ExtensibilityGlobals) = postSolution
		SolutionGuid = {71D4F5B2-A61F-4174-B735-E002C671574E}
	EndGlobalSection
EndGlobal
